<?xml version="1.0" encoding="utf-8"?>
<Project ToolsVersion="4.0" xmlns="http://schemas.microsoft.com/developer/msbuild/2003">
  <ItemGroup>
    <Filter Include="Source Files">
      <UniqueIdentifier>{4FC737F1-C7A5-4376-A066-2A32D752A2FF}</UniqueIdentifier>
      <Extensions>cpp;c;cc;cxx;def;odl;idl;hpj;bat;asm;asmx</Extensions>
    </Filter>
    <Filter Include="Header Files">
      <UniqueIdentifier>{93995380-89BD-4b04-88EB-625FBE52EBFB}</UniqueIdentifier>
      <Extensions>h;hh;hpp;hxx;hm;inl;inc;xsd</Extensions>
    </Filter>
    <Filter Include="Resource Files">
      <UniqueIdentifier>{67DA6AB6-F800-4c08-8B7A-83BB121AAD01}</UniqueIdentifier>
      <Extensions>rc;ico;cur;bmp;dlg;rc2;rct;bin;rgs;gif;jpg;jpeg;jpe;resx;tiff;tif;png;wav;mfcribbon-ms</Extensions>
    </Filter>
    <Filter Include="Header Files\Character">
      <UniqueIdentifier>{67386c9f-b141-4457-bd74-f2ebb1eb4240}</UniqueIdentifier>
    </Filter>
    <Filter Include="Header Files\Character\Player">
      <UniqueIdentifier>{9f16ca7f-abdd-4a73-988a-0a6f8f5e37b5}</UniqueIdentifier>
    </Filter>
    <Filter Include="Source Files\Character">
      <UniqueIdentifier>{77394133-a6f9-4385-9c28-2bba826cd698}</UniqueIdentifier>
    </Filter>
    <Filter Include="Source Files\Character\Player">
      <UniqueIdentifier>{71d456f2-93eb-4b52-8bef-649a7e181602}</UniqueIdentifier>
    </Filter>
    <Filter Include="Source Files\Character\Gun">
      <UniqueIdentifier>{2f755fe3-2c7d-406b-b554-78b7f17053f9}</UniqueIdentifier>
    </Filter>
    <Filter Include="Header Files\Character\Gun">
      <UniqueIdentifier>{c2a523dd-3785-4fb8-9af7-f1db6c21dbd4}</UniqueIdentifier>
    </Filter>
    <Filter Include="Header Files\Character\Enemy">
      <UniqueIdentifier>{0e5642bc-da9b-432a-85b5-a7b4fa1dc3d4}</UniqueIdentifier>
    </Filter>
    <Filter Include="Source Files\Character\Enemy">
      <UniqueIdentifier>{91f2c7a4-a038-45ee-b7a1-61ae752791a4}</UniqueIdentifier>
    </Filter>
    <Filter Include="Source Files\Core">
      <UniqueIdentifier>{92175b45-677b-4309-afc4-21d39bd5b96a}</UniqueIdentifier>
    </Filter>
    <Filter Include="Header Files\Core">
      <UniqueIdentifier>{9b94b71e-e9fb-4347-9874-85c848fbd6bf}</UniqueIdentifier>
    </Filter>
    <Filter Include="Header Files\Gameplay">
      <UniqueIdentifier>{6309390d-df2b-4956-8e46-a156ab330ebf}</UniqueIdentifier>
    </Filter>
    <Filter Include="Source Files\Gameplay">
      <UniqueIdentifier>{963f0973-f51d-4119-a9cb-1ccc1a4b46b9}</UniqueIdentifier>
    </Filter>
    <Filter Include="Header Files\Tools">
      <UniqueIdentifier>{e338095f-22d4-41bd-b4c0-226efc9daed1}</UniqueIdentifier>
    </Filter>
  </ItemGroup>
  <ItemGroup>
    <ClCompile Include="Main.cpp">
      <Filter>Source Files</Filter>
    </ClCompile>
    <ClCompile Include="PlayerObject.cpp">
      <Filter>Source Files\Character\Player</Filter>
    </ClCompile>
    <ClCompile Include="Projectile.cpp">
      <Filter>Source Files\Character\Gun</Filter>
    </ClCompile>
    <ClCompile Include="EnemyObject.cpp">
      <Filter>Source Files\Character\Enemy</Filter>
    </ClCompile>
    <ClCompile Include="Character.cpp">
      <Filter>Source Files\Character</Filter>
    </ClCompile>
    <ClCompile Include="GameManager.cpp">
      <Filter>Source Files\Gameplay</Filter>
    </ClCompile>
    <ClCompile Include="BackgroundManager.cpp">
      <Filter>Source Files\Gameplay</Filter>
    </ClCompile>
    <ClCompile Include="Game.cpp">
      <Filter>Source Files\Core</Filter>
    </ClCompile>
    <ClCompile Include="GameObject.cpp">
      <Filter>Source Files\Core</Filter>
    </ClCompile>
    <ClCompile Include="Screen.cpp">
      <Filter>Source Files\Core</Filter>
    </ClCompile>
    <ClCompile Include="UIManager.cpp">
      <Filter>Source Files\Gameplay</Filter>
    </ClCompile>
    <ClCompile Include="PlayerGunController.cpp">
      <Filter>Source Files\Character\Gun</Filter>
    </ClCompile>
    <ClCompile Include="PlayerProjectile.cpp">
      <Filter>Source Files\Character\Gun</Filter>
    </ClCompile>
    <ClCompile Include="EnemyProjectile.cpp">
      <Filter>Source Files\Character\Gun</Filter>
    </ClCompile>
    <ClCompile Include="LaserExplosion.cpp">
      <Filter>Source Files\Character\Gun</Filter>
    </ClCompile>
    <ClCompile Include="EnemySpawner.cpp">
      <Filter>Source Files\Character\Enemy</Filter>
    </ClCompile>
  </ItemGroup>
  <ItemGroup>
    <ClInclude Include="PlayerObject.h">
      <Filter>Header Files\Character\Player</Filter>
    </ClInclude>
    <ClInclude Include="Projectile.h">
      <Filter>Header Files\Character\Gun</Filter>
    </ClInclude>
    <ClInclude Include="EnemyObject.h">
      <Filter>Header Files\Character\Enemy</Filter>
    </ClInclude>
    <ClInclude Include="Character.h">
      <Filter>Header Files\Character</Filter>
    </ClInclude>
    <ClInclude Include="GameManager.h">
      <Filter>Header Files\Gameplay</Filter>
    </ClInclude>
    <ClInclude Include="BackgroundManager.h">
      <Filter>Header Files\Gameplay</Filter>
    </ClInclude>
    <ClInclude Include="Game.h">
      <Filter>Header Files\Core</Filter>
    </ClInclude>
    <ClInclude Include="GameObject.h">
      <Filter>Header Files\Core</Filter>
    </ClInclude>
    <ClInclude Include="Screen.h">
      <Filter>Header Files\Core</Filter>
    </ClInclude>
    <ClInclude Include="UIManager.h">
      <Filter>Header Files\Gameplay</Filter>
    </ClInclude>
    <ClInclude Include="PlayerGunController.h">
      <Filter>Header Files\Character\Gun</Filter>
    </ClInclude>
    <ClInclude Include="PlayerProjectile.h">
      <Filter>Header Files\Character\Gun</Filter>
    </ClInclude>
    <ClInclude Include="EnemyProjectile.h">
      <Filter>Header Files\Character\Gun</Filter>
    </ClInclude>
    <ClInclude Include="LaserExplosion.h">
      <Filter>Header Files\Character\Gun</Filter>
    </ClInclude>
    <ClInclude Include="EnemySpawner.h">
      <Filter>Header Files\Character\Enemy</Filter>
    </ClInclude>
    <ClInclude Include="nlohmann\json.hpp">
      <Filter>Header Files\Tools</Filter>
    </ClInclude>
    <ClInclude Include="EnemyWaveData.h">
      <Filter>Header Files\Character\Enemy</Filter>
    </ClInclude>
    <ClInclude Include="EnemyData.h">
      <Filter>Header Files\Character\Enemy</Filter>
    </ClInclude>
  </ItemGroup>
</Project>